
Microsoft Visual Studio Solution File, Format Version 12.00
# Visual Studio 15
VisualStudioVersion = 15.0.26430.6
MinimumVisualStudioVersion = 10.0.40219.1
Project("{FAE04EC0-301F-11D3-BF4B-00C04F79EFBC}") = "View", "View\View.csproj", "{C529E7D3-794C-46C2-878A-4AD60DD36212}"
EndProject
Project("{FAE04EC0-301F-11D3-BF4B-00C04F79EFBC}") = "Model", "Model\Model.csproj", "{CC55AF5F-EF68-42B6-98F6-B4D0277AFE16}"
EndProject
Global
	GlobalSection(SolutionConfigurationPlatforms) = preSolution
		Debug|Any CPU = Debug|Any CPU
		Release|Any CPU = Release|Any CPU
	EndGlobalSection
	GlobalSection(ProjectConfigurationPlatforms) = postSolution
		{C529E7D3-794C-46C2-878A-4AD60DD36212}.Debug|Any CPU.ActiveCfg = Debug|Any CPU
		{C529E7D3-794C-46C2-878A-4AD60DD36212}.Debug|Any CPU.Build.0 = Debug|Any CPU
		{C529E7D3-794C-46C2-878A-4AD60DD36212}.Release|Any CPU.ActiveCfg = Release|Any CPU
		{C529E7D3-794C-46C2-878A-4AD60DD36212}.Release|Any CPU.Build.0 = Release|Any CPU
		{CC55AF5F-EF68-42B6-98F6-B4D0277AFE16}.Debug|Any CPU.ActiveCfg = Debug|Any CPU
		{CC55AF5F-EF68-42B6-98F6-B4D0277AFE16}.Debug|Any CPU.Build.0 = Debug|Any CPU
		{CC55AF5F-EF68-42B6-98F6-B4D0277AFE16}.Release|Any CPU.ActiveCfg = Release|Any CPU
		{CC55AF5F-EF68-42B6-98F6-B4D0277AFE16}.Release|Any CPU.Build.0 = Release|Any CPU
	EndGlobalSection
	GlobalSection(SolutionProperties) = preSolution
		HideSolutionNode = FALSE
	EndGlobalSection
EndGlobal
